
Microsoft Visual Studio Solution File, Format Version 12.00
# Visual Studio Version 16
VisualStudioVersion = 16.0.29409.12
MinimumVisualStudioVersion = 10.0.40219.1
Project("{FAE04EC0-301F-11D3-BF4B-00C04F79EFBC}") = "Cheeses", "Cheeses\Cheeses.csproj", "{041350D5-BA3A-4C2D-B32F-8C8C25FC8053}"
EndProject
Global
	GlobalSection(SolutionConfigurationPlatforms) = preSolution
		Debug|Any CPU = Debug|Any CPU
		Release|Any CPU = Release|Any CPU
	EndGlobalSection
	GlobalSection(ProjectConfigurationPlatforms) = postSolution
		{041350D5-BA3A-4C2D-B32F-8C8C25FC8053}.Debug|Any CPU.ActiveCfg = Debug|Any CPU
		{041350D5-BA3A-4C2D-B32F-8C8C25FC8053}.Debug|Any CPU.Build.0 = Debug|Any CPU
		{041350D5-BA3A-4C2D-B32F-8C8C25FC8053}.Release|Any CPU.ActiveCfg = Release|Any CPU
		{041350D5-BA3A-4C2D-B32F-8C8C25FC8053}.Release|Any CPU.Build.0 = Release|Any CPU
	EndGlobalSection
	GlobalSection(SolutionProperties) = preSolution
		HideSolutionNode = FALSE
	EndGlobalSection
	GlobalSection(ExtensibilityGlobals) = postSolution
		SolutionGuid = {E995FA33-9047-457A-A0B6-6592F85C0620}
	EndGlobalSection
EndGlobal
